{
  "name": "so",
  "version": "1.0.0",
  "lockfileVersion": 3,
  "requires": true,
  "packages": {
    "": {
      "name": "so",
      "version": "1.0.0",
      "license": "ISC",
      "dependencies": {
        "@iconify-json/logos": "^1.2.9"
      },
      "devDependencies": {
        "playwright-chromium": "^1.55.0"
      }
    },
    "node_modules/@iconify-json/logos": {
      "version": "1.2.9",
      "resolved": "https://registry.npmjs.org/@iconify-json/logos/-/logos-1.2.9.tgz",
      "integrity": "sha512-G6VCdFnwZcrT6Eveq3m43oJfLw/CX8plwFcE+2jgv3fiGB64pTmnU7Yd1MNZ/eA+/Re2iEDhuCfSNOWTHwwK8w==",
      "license": "CC0-1.0",
      "dependencies": {
        "@iconify/types": "*"
      }
    },
    "node_modules/@iconify/types": {
      "version": "2.0.0",
      "resolved": "https://registry.npmjs.org/@iconify/types/-/types-2.0.0.tgz",
      "integrity": "sha512-+wluvCrRhXrhyOmRDJ3q8mux9JkKy5SJ/v8ol2tu4FVjyYvtEzkc/3pK15ET6RKg4b4w4BmTk1+gsCUhf21Ykg==",
      "license": "MIT"
    },
    "node_modules/playwright-chromium": {
      "version": "1.55.0",
      "resolved": "https://registry.npmjs.org/playwright-chromium/-/playwright-chromium-1.55.0.tgz",
      "integrity": "sha512-6eInUmPoVZP+COQbXdEqorJTOU3xLOaUhZReZFYtEReR7WMo5iS3/bf4p+xZuFZlSeq1bvbdpujXxUGPCyti/w==",
      "dev": true,
      "hasInstallScript": true,
      "license": "Apache-2.0",
      "dependencies": {
        "playwright-core": "1.55.0"
      },
      "bin": {
        "playwright": "cli.js"
      },
      "engines": {
        "node": ">=18"
      }
    },
    "node_modules/playwright-core": {
      "version": "1.55.0",
      "resolved": "https://registry.npmjs.org/playwright-core/-/playwright-core-1.55.0.tgz",
      "integrity": "sha512-GvZs4vU3U5ro2nZpeiwyb0zuFaqb9sUiAJuyrWpcGouD8y9/HLgGbNRjIph7zU9D3hnPaisMl9zG9CgFi/biIg==",
      "dev": true,
      "license": "Apache-2.0",
      "bin": {
        "playwright-core": "cli.js"
      },
      "engines": {
        "node": ">=18"
      }
    }
  }
}
